
Microsoft Visual Studio Solution File, Format Version 12.00
# Visual Studio Version 17
VisualStudioVersion = 17.1.32120.378
MinimumVisualStudioVersion = 10.0.40219.1
Project("{9A19103F-16F7-4668-BE54-9A1E7A4F7556}") = "Shared.Data.DbProviderFactories.Csv", "Shared.Data.DbProviderFactories.Csv\Shared.Data.DbProviderFactories.Csv.csproj", "{6B1C1614-2DB0-4B3B-9F8F-2D7B36B23109}"
EndProject
Project("{FAE04EC0-301F-11D3-BF4B-00C04F79EFBC}") = "Shared.Data.DbProviderFactories.Csv.Tests", "..\..\Shared.Data.DbProviderFactories.Csv.Tests\Shared.Data.DbProviderFactories.Csv.Tests.csproj", "{3E69E2E3-8FD2-42D5-8E94-5BBADE1126F0}"
EndProject
Global
	GlobalSection(SolutionConfigurationPlatforms) = preSolution
		Debug|Any CPU = Debug|Any CPU
		Release|Any CPU = Release|Any CPU
	EndGlobalSection
	GlobalSection(ProjectConfigurationPlatforms) = postSolution
		{6B1C1614-2DB0-4B3B-9F8F-2D7B36B23109}.Debug|Any CPU.ActiveCfg = Debug|Any CPU
		{6B1C1614-2DB0-4B3B-9F8F-2D7B36B23109}.Debug|Any CPU.Build.0 = Debug|Any CPU
		{6B1C1614-2DB0-4B3B-9F8F-2D7B36B23109}.Release|Any CPU.ActiveCfg = Release|Any CPU
		{6B1C1614-2DB0-4B3B-9F8F-2D7B36B23109}.Release|Any CPU.Build.0 = Release|Any CPU
		{3E69E2E3-8FD2-42D5-8E94-5BBADE1126F0}.Debug|Any CPU.ActiveCfg = Debug|Any CPU
		{3E69E2E3-8FD2-42D5-8E94-5BBADE1126F0}.Debug|Any CPU.Build.0 = Debug|Any CPU
		{3E69E2E3-8FD2-42D5-8E94-5BBADE1126F0}.Release|Any CPU.ActiveCfg = Release|Any CPU
		{3E69E2E3-8FD2-42D5-8E94-5BBADE1126F0}.Release|Any CPU.Build.0 = Release|Any CPU
	EndGlobalSection
	GlobalSection(SolutionProperties) = preSolution
		HideSolutionNode = FALSE
	EndGlobalSection
	GlobalSection(ExtensibilityGlobals) = postSolution
		SolutionGuid = {ADEF0600-717E-4545-9A0F-2A3C3D6BDE73}
	EndGlobalSection
EndGlobal
