
Microsoft Visual Studio Solution File, Format Version 12.00
# Visual Studio Version 17
VisualStudioVersion = 17.0.32014.148
MinimumVisualStudioVersion = 10.0.40219.1
Project("{9A19103F-16F7-4668-BE54-9A1E7A4F7556}") = "Shared.Data.DbProviderFactories.Csv.Tests", "..\tests\Shared.Data.DbProviderFactories.Csv.Tests\Shared.Data.DbProviderFactories.Csv.Tests.csproj", "{7496A16A-FFF7-4AD3-AE54-E1AEDD8D6F21}"
EndProject
Project("{9A19103F-16F7-4668-BE54-9A1E7A4F7556}") = "Shared.Data.DbProviderFactories.Csv", "Shared.Data.DbProviderFactories.Csv\Shared.Data.DbProviderFactories.Csv.csproj", "{3F4C3B29-6EBF-447C-BB1C-B01C25ABC21E}"
EndProject
Global
	GlobalSection(SolutionConfigurationPlatforms) = preSolution
		Debug|Any CPU = Debug|Any CPU
		Release|Any CPU = Release|Any CPU
	EndGlobalSection
	GlobalSection(ProjectConfigurationPlatforms) = postSolution
		{7496A16A-FFF7-4AD3-AE54-E1AEDD8D6F21}.Debug|Any CPU.ActiveCfg = Debug|Any CPU
		{7496A16A-FFF7-4AD3-AE54-E1AEDD8D6F21}.Debug|Any CPU.Build.0 = Debug|Any CPU
		{7496A16A-FFF7-4AD3-AE54-E1AEDD8D6F21}.Release|Any CPU.ActiveCfg = Release|Any CPU
		{7496A16A-FFF7-4AD3-AE54-E1AEDD8D6F21}.Release|Any CPU.Build.0 = Release|Any CPU
		{3F4C3B29-6EBF-447C-BB1C-B01C25ABC21E}.Debug|Any CPU.ActiveCfg = Debug|Any CPU
		{3F4C3B29-6EBF-447C-BB1C-B01C25ABC21E}.Debug|Any CPU.Build.0 = Debug|Any CPU
		{3F4C3B29-6EBF-447C-BB1C-B01C25ABC21E}.Release|Any CPU.ActiveCfg = Release|Any CPU
		{3F4C3B29-6EBF-447C-BB1C-B01C25ABC21E}.Release|Any CPU.Build.0 = Release|Any CPU
	EndGlobalSection
	GlobalSection(SolutionProperties) = preSolution
		HideSolutionNode = FALSE
	EndGlobalSection
	GlobalSection(ExtensibilityGlobals) = postSolution
		SolutionGuid = {EB107C90-2E2F-40BF-A438-ACD064B88AC1}
	EndGlobalSection
EndGlobal
